
Microsoft Visual Studio Solution File, Format Version 12.00
# Visual Studio Version 17
VisualStudioVersion = 17.10.35013.160
MinimumVisualStudioVersion = 10.0.40219.1
Project("{FAE04EC0-301F-11D3-BF4B-00C04F79EFBC}") = "IndustrySense.Server", "IndustrySense.Server\IndustrySense.Server.csproj", "{FE23A5AB-EF46-4CB8-99BA-7666C3242C45}"
EndProject
Project("{54A90642-561A-4BB1-A94E-469ADEE60C69}") = "industrysense.client", "industrysense.client\industrysense.client.esproj", "{5A496D33-D99D-411C-A0E4-85FBA9AD959F}"
EndProject
Global
	GlobalSection(SolutionConfigurationPlatforms) = preSolution
		Debug|Any CPU = Debug|Any CPU
		Release|Any CPU = Release|Any CPU
	EndGlobalSection
	GlobalSection(ProjectConfigurationPlatforms) = postSolution
		{FE23A5AB-EF46-4CB8-99BA-7666C3242C45}.Debug|Any CPU.ActiveCfg = Debug|Any CPU
		{FE23A5AB-EF46-4CB8-99BA-7666C3242C45}.Debug|Any CPU.Build.0 = Debug|Any CPU
		{FE23A5AB-EF46-4CB8-99BA-7666C3242C45}.Release|Any CPU.ActiveCfg = Release|Any CPU
		{FE23A5AB-EF46-4CB8-99BA-7666C3242C45}.Release|Any CPU.Build.0 = Release|Any CPU
		{5A496D33-D99D-411C-A0E4-85FBA9AD959F}.Debug|Any CPU.ActiveCfg = Debug|Any CPU
		{5A496D33-D99D-411C-A0E4-85FBA9AD959F}.Debug|Any CPU.Build.0 = Debug|Any CPU
		{5A496D33-D99D-411C-A0E4-85FBA9AD959F}.Debug|Any CPU.Deploy.0 = Debug|Any CPU
		{5A496D33-D99D-411C-A0E4-85FBA9AD959F}.Release|Any CPU.ActiveCfg = Release|Any CPU
		{5A496D33-D99D-411C-A0E4-85FBA9AD959F}.Release|Any CPU.Build.0 = Release|Any CPU
		{5A496D33-D99D-411C-A0E4-85FBA9AD959F}.Release|Any CPU.Deploy.0 = Release|Any CPU
	EndGlobalSection
	GlobalSection(SolutionProperties) = preSolution
		HideSolutionNode = FALSE
	EndGlobalSection
	GlobalSection(ExtensibilityGlobals) = postSolution
		SolutionGuid = {88446417-1B88-47DF-9326-BD16A94042BF}
	EndGlobalSection
EndGlobal
